// !$*UTF8*$!
{
	archiveVersion = 1;
	classes = {
	};
	objectVersion = 50;
	objects = {

/* Begin PBXBuildFile section */
		5012BBDA24D1D72C00284CB9 /* AppDelegate.swift in Sources */ = {isa = PBXBuildFile; fileRef = 5012BBD924D1D72C00284CB9 /* AppDelegate.swift */; };
		5012BBDC24D1D72C00284CB9 /* SceneDelegate.swift in Sources */ = {isa = PBXBuildFile; fileRef = 5012BBDB24D1D72C00284CB9 /* SceneDelegate.swift */; };
		5012BBDE24D1D72C00284CB9 /* ViewController.swift in Sources */ = {isa = PBXBuildFile; fileRef = 5012BBDD24D1D72C00284CB9 /* ViewController.swift */; };
		5012BBE124D1D72C00284CB9 /* Main.storyboard in Resources */ = {isa = PBXBuildFile; fileRef = 5012BBDF24D1D72C00284CB9 /* Main.storyboard */; };
		5012BBE324D1D73000284CB9 /* Assets.xcassets in Resources */ = {isa = PBXBuildFile; fileRef = 5012BBE224D1D73000284CB9 /* Assets.xcassets */; };
		5012BBE624D1D73000284CB9 /* LaunchScreen.storyboard in Resources */ = {isa = PBXBuildFile; fileRef = 5012BBE424D1D73000284CB9 /* LaunchScreen.storyboard */; };
		5012BBF124D1D73000284CB9 /* tippyTests.swift in Sources */ = {isa = PBXBuildFile; fileRef = 5012BBF024D1D73000284CB9 /* tippyTests.swift */; };
		5012BBFC24D1D73000284CB9 /* tippyUITests.swift in Sources */ = {isa = PBXBuildFile; fileRef = 5012BBFB24D1D73000284CB9 /* tippyUITests.swift */; };
/* End PBXBuildFile section */

/* Begin PBXContainerItemProxy section */
		5012BBED24D1D73000284CB9 /* PBXContainerItemProxy */ = {
			isa = PBXContainerItemProxy;
			containerPortal = 5012BBCE24D1D72C00284CB9 /* Project object */;
			proxyType = 1;
			remoteGlobalIDString = 5012BBD524D1D72C00284CB9;
			remoteInfo = tippy;
		};
		5012BBF824D1D73000284CB9 /* PBXContainerItemProxy */ = {
			isa = PBXContainerItemProxy;
			containerPortal = 5012BBCE24D1D72C00284CB9 /* Project object */;
			proxyType = 1;
			remoteGlobalIDString = 5012BBD524D1D72C00284CB9;
			remoteInfo = tippy;
		};
/* End PBXContainerItemProxy section */

/* Begin PBXFileReference section */
		5012BBD624D1D72C00284CB9 /* tippy.app */ = {isa = PBXFileReference; explicitFileType = wrapper.application; includeInIndex = 0; path = tippy.app; sourceTree = BUILT_PRODUCTS_DIR; };
		5012BBD924D1D72C00284CB9 /* AppDelegate.swift */ = {isa = PBXFileReference; lastKnownFileType = sourcecode.swift; path = AppDelegate.swift; sourceTree = "<group>"; };
		5012BBDB24D1D72C00284CB9 /* SceneDelegate.swift */ = {isa = PBXFileReference; lastKnownFileType = sourcecode.swift; path = SceneDelegate.swift; sourceTree = "<group>"; };
		5012BBDD24D1D72C00284CB9 /* ViewController.swift */ = {isa = PBXFileReference; lastKnownFileType = sourcecode.swift; path = ViewController.swift; sourceTree = "<group>"; };
		5012BBE024D1D72C00284CB9 /* Base */ = {isa = PBXFileReference; lastKnownFileType = file.storyboard; name = Base; path = Base.lproj/Main.storyboard; sourceTree = "<group>"; };
		5012BBE224D1D73000284CB9 /* Assets.xcassets */ = {isa = PBXFileReference; lastKnownFileType = folder.assetcatalog; path = Assets.xcassets; sourceTree = "<group>"; };
		5012BBE524D1D73000284CB9 /* Base */ = {isa = PBXFileReference; lastKnownFileType = file.storyboard; name = Base; path = Base.lproj/LaunchScreen.storyboard; sourceTree = "<group>"; };
		5012BBE724D1D73000284CB9 /* Info.plist */ = {isa = PBXFileReference; lastKnownFileType = text.plist.xml; path = Info.plist; sourceTree = "<group>"; };
		5012BBEC24D1D73000284CB9 /* tippyTests.xctest */ = {isa = PBXFileReference; explicitFileType = wrapper.cfbundle; includeInIndex = 0; path = tippyTests.xctest; sourceTree = BUILT_PRODUCTS_DIR; };
		5012BBF024D1D73000284CB9 /* tippyTests.swift */ = {isa = PBXFileReference; lastKnownFileType = sourcecode.swift; path = tippyTests.swift; sourceTree = "<group>"; };
		5012BBF224D1D73000284CB9 /* Info.plist */ = {isa = PBXFileReference; lastKnownFileType = text.plist.xml; path = Info.plist; sourceTree = "<group>"; };
		5012BBF724D1D73000284CB9 /* tippyUITests.xctest */ = {isa = PBXFileReference; explicitFileType = wrapper.cfbundle; includeInIndex = 0; path = tippyUITests.xctest; sourceTree = BUILT_PRODUCTS_DIR; };
		5012BBFB24D1D73000284CB9 /* tippyUITests.swift */ = {isa = PBXFileReference; lastKnownFileType = sourcecode.swift; path = tippyUITests.swift; sourceTree = "<group>"; };
		5012BBFD24D1D73000284CB9 /* Info.plist */ = {isa = PBXFileReference; lastKnownFileType = text.plist.xml; path = Info.plist; sourceTree = "<group>"; };
/* End PBXFileReference section */

/* Begin PBXFrameworksBuildPhase section */
		5012BBD324D1D72C00284CB9 /* Frameworks */ = {
			isa = PBXFrameworksBuildPhase;
			buildActionMask = 2147483647;
			files = (
			);
			runOnlyForDeploymentPostprocessing = 0;
		};
		5012BBE924D1D73000284CB9 /* Frameworks */ = {
			isa = PBXFrameworksBuildPhase;
			buildActionMask = 2147483647;
			files = (
			);
			runOnlyForDeploymentPostprocessing = 0;
		};
		5012BBF424D1D73000284CB9 /* Frameworks */ = {
			isa = PBXFrameworksBuildPhase;
			buildActionMask = 2147483647;
			files = (
			);
			runOnlyForDeploymentPostprocessing = 0;
		};
/* End PBXFrameworksBuildPhase section */

/* Begin PBXGroup section */
		5012BBCD24D1D72C00284CB9 = {
			isa = PBXGroup;
			children = (
				5012BBD824D1D72C00284CB9 /* tippy */,
				5012BBEF24D1D73000284CB9 /* tippyTests */,
				5012BBFA24D1D73000284CB9 /* tippyUITests */,
				5012BBD724D1D72C00284CB9 /* Products */,
			);
			sourceTree = "<group>";
		};
		5012BBD724D1D72C00284CB9 /* Products */ = {
			isa = PBXGroup;
			children = (
				5012BBD624D1D72C00284CB9 /* tippy.app */,
				5012BBEC24D1D73000284CB9 /* tippyTests.xctest */,
				5012BBF724D1D73000284CB9 /* tippyUITests.xctest */,
			);
			name = Products;
			sourceTree = "<group>";
		};
		5012BBD824D1D72C00284CB9 /* tippy */ = {
			isa = PBXGroup;
			children = (
				5012BBD924D1D72C00284CB9 /* AppDelegate.swift */,
				5012BBDB24D1D72C00284CB9 /* SceneDelegate.swift */,
				5012BBDD24D1D72C00284CB9 /* ViewController.swift */,
				5012BBDF24D1D72C00284CB9 /* Main.storyboard */,
				5012BBE224D1D73000284CB9 /* Assets.xcassets */,
				5012BBE424D1D73000284CB9 /* LaunchScreen.storyboard */,
				5012BBE724D1D73000284CB9 /* Info.plist */,
			);
			path = tippy;
			sourceTree = "<group>";
		};
		5012BBEF24D1D73000284CB9 /* tippyTests */ = {
			isa = PBXGroup;
			children = (
				5012BBF024D1D73000284CB9 /* tippyTests.swift */,
				5012BBF224D1D73000284CB9 /* Info.plist */,
			);
			path = tippyTests;
			sourceTree = "<group>";
		};
		5012BBFA24D1D73000284CB9 /* tippyUITests */ = {
			isa = PBXGroup;
			children = (
				5012BBFB24D1D73000284CB9 /* tippyUITests.swift */,
				5012BBFD24D1D73000284CB9 /* Info.plist */,
			);
			path = tippyUITests;
			sourceTree = "<group>";
		};
/* End PBXGroup section */

/* Begin PBXNativeTarget section */
		5012BBD524D1D72C00284CB9 /* tippy */ = {
			isa = PBXNativeTarget;
			buildConfigurationList = 5012BC0024D1D73000284CB9 /* Build configuration list for PBXNativeTarget "tippy" */;
			buildPhases = (
				5012BBD224D1D72C00284CB9 /* Sources */,
				5012BBD324D1D72C00284CB9 /* Frameworks */,
				5012BBD424D1D72C00284CB9 /* Resources */,
			);
			buildRules = (
			);
			dependencies = (
			);
			name = tippy;
			productName = tippy;
			productReference = 5012BBD624D1D72C00284CB9 /* tippy.app */;
			productType = "com.apple.product-type.application";
		};
		5012BBEB24D1D73000284CB9 /* tippyTests */ = {
			isa = PBXNativeTarget;
			buildConfigurationList = 5012BC0324D1D73000284CB9 /* Build configuration list for PBXNativeTarget "tippyTests" */;
			buildPhases = (
				5012BBE824D1D73000284CB9 /* Sources */,
				5012BBE924D1D73000284CB9 /* Frameworks */,
				5012BBEA24D1D73000284CB9 /* Resources */,
			);
			buildRules = (
			);
			dependencies = (
				5012BBEE24D1D73000284CB9 /* PBXTargetDependency */,
			);
			name = tippyTests;
			productName = tippyTests;
			productReference = 5012BBEC24D1D73000284CB9 /* tippyTests.xctest */;
			productType = "com.apple.product-type.bundle.unit-test";
		};
		5012BBF624D1D73000284CB9 /* tippyUITests */ = {
			isa = PBXNativeTarget;
			buildConfigurationList = 5012BC0624D1D73000284CB9 /* Build configuration list for PBXNativeTarget "tippyUITests" */;
			buildPhases = (
				5012BBF324D1D73000284CB9 /* Sources */,
				5012BBF424D1D73000284CB9 /* Frameworks */,
				5012BBF524D1D73000284CB9 /* Resources */,
			);
			buildRules = (
			);
			dependencies = (
				5012BBF924D1D73000284CB9 /* PBXTargetDependency */,
			);
			name = tippyUITests;
			productName = tippyUITests;
			productReference = 5012BBF724D1D73000284CB9 /* tippyUITests.xctest */;
			productType = "com.apple.product-type.bundle.ui-testing";
		};
/* End PBXNativeTarget section */

/* Begin PBXProject section */
		5012BBCE24D1D72C00284CB9 /* Project object */ = {
			isa = PBXProject;
			attributes = {
				LastSwiftUpdateCheck = 1160;
				LastUpgradeCheck = 1160;
				ORGANIZATIONNAME = CodePath;
				TargetAttributes = {
					5012BBD524D1D72C00284CB9 = {
						CreatedOnToolsVersion = 11.6;
					};
					5012BBEB24D1D73000284CB9 = {
						CreatedOnToolsVersion = 11.6;
						TestTargetID = 5012BBD524D1D72C00284CB9;
					};
					5012BBF624D1D73000284CB9 = {
						CreatedOnToolsVersion = 11.6;
						TestTargetID = 5012BBD524D1D72C00284CB9;
					};
				};
			};
			buildConfigurationList = 5012BBD124D1D72C00284CB9 /* Build configuration list for PBXProject "tippy" */;
			compatibilityVersion = "Xcode 9.3";
			developmentRegion = en;
			hasScannedForEncodings = 0;
			knownRegions = (
				en,
				Base,
			);
			mainGroup = 5012BBCD24D1D72C00284CB9;
			productRefGroup = 5012BBD724D1D72C00284CB9 /* Products */;
			projectDirPath = "";
			projectRoot = "";
			targets = (
				5012BBD524D1D72C00284CB9 /* tippy */,
				5012BBEB24D1D73000284CB9 /* tippyTests */,
				5012BBF624D1D73000284CB9 /* tippyUITests */,
			);
		};
/* End PBXProject section */

/* Begin PBXResourcesBuildPhase section */
		5012BBD424D1D72C00284CB9 /* Resources */ = {
			isa = PBXResourcesBuildPhase;
			buildActionMask = 2147483647;
			files = (
				5012BBE624D1D73000284CB9 /* LaunchScreen.storyboard in Resources */,
				5012BBE324D1D73000284CB9 /* Assets.xcassets in Resources */,
				5012BBE124D1D72C00284CB9 /* Main.storyboard in Resources */,
			);
			runOnlyForDeploymentPostprocessing = 0;
		};
		5012BBEA24D1D73000284CB9 /* Resources */ = {
			isa = PBXResourcesBuildPhase;
			buildActionMask = 2147483647;
			files = (
			);
			runOnlyForDeploymentPostprocessing = 0;
		};
		5012BBF524D1D73000284CB9 /* Resources */ = {
			isa = PBXResourcesBuildPhase;
			buildActionMask = 2147483647;
			files = (
			);
			runOnlyForDeploymentPostprocessing = 0;
		};
/* End PBXResourcesBuildPhase section */

/* Begin PBXSourcesBuildPhase section */
		5012BBD224D1D72C00284CB9 /* Sources */ = {
			isa = PBXSourcesBuildPhase;
			buildActionMask = 2147483647;
			files = (
				5012BBDE24D1D72C00284CB9 /* ViewController.swift in Sources */,
				5012BBDA24D1D72C00284CB9 /* AppDelegate.swift in Sources */,
				5012BBDC24D1D72C00284CB9 /* SceneDelegate.swift in Sources */,
			);
			runOnlyForDeploymentPostprocessing = 0;
		};
		5012BBE824D1D73000284CB9 /* Sources */ = {
			isa = PBXSourcesBuildPhase;
			buildActionMask = 2147483647;
			files = (
				5012BBF124D1D73000284CB9 /* tippyTests.swift in Sources */,
			);
			runOnlyForDeploymentPostprocessing = 0;
		};
		5012BBF324D1D73000284CB9 /* Sources */ = {
			isa = PBXSourcesBuildPhase;
			buildActionMask = 2147483647;
			files = (
				5012BBFC24D1D73000284CB9 /* tippyUITests.swift in Sources */,
			);
			runOnlyForDeploymentPostprocessing = 0;
		};
/* End PBXSourcesBuildPhase section */

/* Begin PBXTargetDependency section */
		5012BBEE24D1D73000284CB9 /* PBXTargetDependency */ = {
			isa = PBXTargetDependency;
			target = 5012BBD524D1D72C00284CB9 /* tippy */;
			targetProxy = 5012BBED24D1D73000284CB9 /* PBXContainerItemProxy */;
		};
		5012BBF924D1D73000284CB9 /* PBXTargetDependency */ = {
			isa = PBXTargetDependency;
			target = 5012BBD524D1D72C00284CB9 /* tippy */;
			targetProxy = 5012BBF824D1D73000284CB9 /* PBXContainerItemProxy */;
		};
/* End PBXTargetDependency section */

/* Begin PBXVariantGroup section */
		5012BBDF24D1D72C00284CB9 /* Main.storyboard */ = {
			isa = PBXVariantGroup;
			children = (
				5012BBE024D1D72C00284CB9 /* Base */,
			);
			name = Main.storyboard;
			sourceTree = "<group>";
		};
		5012BBE424D1D73000284CB9 /* LaunchScreen.storyboard */ = {
			isa = PBXVariantGroup;
			children = (
				5012BBE524D1D73000284CB9 /* Base */,
			);
			name = LaunchScreen.storyboard;
			sourceTree = "<group>";
		};
/* End PBXVariantGroup section */

/* Begin XCBuildConfiguration section */
		5012BBFE24D1D73000284CB9 /* Debug */ = {
			isa = XCBuildConfiguration;
			buildSettings = {
				ALWAYS_SEARCH_USER_PATHS = NO;
				CLANG_ANALYZER_NONNULL = YES;
				CLANG_ANALYZER_NUMBER_OBJECT_CONVERSION = YES_AGGRESSIVE;
				CLANG_CXX_LANGUAGE_STANDARD = "gnu++14";
				CLANG_CXX_LIBRARY = "libc++";
				CLANG_ENABLE_MODULES = YES;
				CLANG_ENABLE_OBJC_ARC = YES;
				CLANG_ENABLE_OBJC_WEAK = YES;
				CLANG_WARN_BLOCK_CAPTURE_AUTORELEASING = YES;
				CLANG_WARN_BOOL_CONVERSION = YES;
				CLANG_WARN_COMMA = YES;
				CLANG_WARN_CONSTANT_CONVERSION = YES;
				CLANG_WARN_DEPRECATED_OBJC_IMPLEMENTATIONS = YES;
				CLANG_WARN_DIRECT_OBJC_ISA_USAGE = YES_ERROR;
				CLANG_WARN_DOCUMENTATION_COMMENTS = YES;
				CLANG_WARN_EMPTY_BODY = YES;
				CLANG_WARN_ENUM_CONVERSION = YES;
				CLANG_WARN_INFINITE_RECURSION = YES;
				CLANG_WARN_INT_CONVERSION = YES;
				CLANG_WARN_NON_LITERAL_NULL_CONVERSION = YES;
				CLANG_WARN_OBJC_IMPLICIT_RETAIN_SELF = YES;
				CLANG_WARN_OBJC_LITERAL_CONVERSION = YES;
				CLANG_WARN_OBJC_ROOT_CLASS = YES_ERROR;
				CLANG_WARN_RANGE_LOOP_ANALYSIS = YES;
				CLANG_WARN_STRICT_PROTOTYPES = YES;
				CLANG_WARN_SUSPICIOUS_MOVE = YES;
				CLANG_WARN_UNGUARDED_AVAILABILITY = YES_AGGRESSIVE;
				CLANG_WARN_UNREACHABLE_CODE = YES;
				CLANG_WARN__DUPLICATE_METHOD_MATCH = YES;
				COPY_PHASE_STRIP = NO;
				DEBUG_INFORMATION_FORMAT = dwarf;
				ENABLE_STRICT_OBJC_MSGSEND = YES;
				ENABLE_TESTABILITY = YES;
				GCC_C_LANGUAGE_STANDARD = gnu11;
				GCC_DYNAMIC_NO_PIC = NO;
				GCC_NO_COMMON_BLOCKS = YES;
				GCC_OPTIMIZATION_LEVEL = 0;
				GCC_PREPROCESSOR_DEFINITIONS = (
					"DEBUG=1",
					"$(inherited)",
				);
				GCC_WARN_64_TO_32_BIT_CONVERSION = YES;
				GCC_WARN_ABOUT_RETURN_TYPE = YES_ERROR;
				GCC_WARN_UNDECLARED_SELECTOR = YES;
				GCC_WARN_UNINITIALIZED_AUTOS = YES_AGGRESSIVE;
				GCC_WARN_UNUSED_FUNCTION = YES;
				GCC_WARN_UNUSED_VARIABLE = YES;
				IPHONEOS_DEPLOYMENT_TARGET = 13.6;
				MTL_ENABLE_DEBUG_INFO = INCLUDE_SOURCE;
				MTL_FAST_MATH = YES;
				ONLY_ACTIVE_ARCH = YES;
				SDKROOT = iphoneos;
				SWIFT_ACTIVE_COMPILATION_CONDITIONS = DEBUG;
				SWIFT_OPTIMIZATION_LEVEL = "-Onone";
			};
			name = Debug;
		};
		5012BBFF24D1D73000284CB9 /* Release */ = {
			isa = XCBuildConfiguration;
			buildSettings = {
				ALWAYS_SEARCH_USER_PATHS = NO;
				CLANG_ANALYZER_NONNULL = YES;
				CLANG_ANALYZER_NUMBER_OBJECT_CONVERSION = YES_AGGRESSIVE;
				CLANG_CXX_LANGUAGE_STANDARD = "gnu++14";
				CLANG_CXX_LIBRARY = "libc++";
				CLANG_ENABLE_MODULES = YES;
				CLANG_ENABLE_OBJC_ARC = YES;
				CLANG_ENABLE_OBJC_WEAK = YES;
				CLANG_WARN_BLOCK_CAPTURE_AUTORELEASING = YES;
				CLANG_WARN_BOOL_CONVERSION = YES;
				CLANG_WARN_COMMA = YES;
				CLANG_WARN_CONSTANT_CONVERSION = YES;
				CLANG_WARN_DEPRECATED_OBJC_IMPLEMENTATIONS = YES;
				CLANG_WARN_DIRECT_OBJC_ISA_USAGE = YES_ERROR;
				CLANG_WARN_DOCUMENTATION_COMMENTS = YES;
				CLANG_WARN_EMPTY_BODY = YES;
				CLANG_WARN_ENUM_CONVERSION = YES;
				CLANG_WARN_INFINITE_RECURSION = YES;
				CLANG_WARN_INT_CONVERSION = YES;
				CLANG_WARN_NON_LITERAL_NULL_CONVERSION = YES;
				CLANG_WARN_OBJC_IMPLICIT_RETAIN_SELF = YES;
				CLANG_WARN_OBJC_LITERAL_CONVERSION = YES;
				CLANG_WARN_OBJC_ROOT_CLASS = YES_ERROR;
				CLANG_WARN_RANGE_LOOP_ANALYSIS = YES;
				CLANG_WARN_STRICT_PROTOTYPES = YES;
				CLANG_WARN_SUSPICIOUS_MOVE = YES;
				CLANG_WARN_UNGUARDED_AVAILABILITY = YES_AGGRESSIVE;
				CLANG_WARN_UNREACHABLE_CODE = YES;
				CLANG_WARN__DUPLICATE_METHOD_MATCH = YES;
				COPY_PHASE_STRIP = NO;
				DEBUG_INFORMATION_FORMAT = "dwarf-with-dsym";
				ENABLE_NS_ASSERTIONS = NO;
				ENABLE_STRICT_OBJC_MSGSEND = YES;
				GCC_C_LANGUAGE_STANDARD = gnu11;
				GCC_NO_COMMON_BLOCKS = YES;
				GCC_WARN_64_TO_32_BIT_CONVERSION = YES;
				GCC_WARN_ABOUT_RETURN_TYPE = YES_ERROR;
				GCC_WARN_UNDECLARED_SELECTOR = YES;
				GCC_WARN_UNINITIALIZED_AUTOS = YES_AGGRESSIVE;
				GCC_WARN_UNUSED_FUNCTION = YES;
				GCC_WARN_UNUSED_VARIABLE = YES;
				IPHONEOS_DEPLOYMENT_TARGET = 13.6;
				MTL_ENABLE_DEBUG_INFO = NO;
				MTL_FAST_MATH = YES;
				SDKROOT = iphoneos;
				SWIFT_COMPILATION_MODE = wholemodule;
				SWIFT_OPTIMIZATION_LEVEL = "-O";
				VALIDATE_PRODUCT = YES;
			};
			name = Release;
		};
		5012BC0124D1D73000284CB9 /* Debug */ = {
			isa = XCBuildConfiguration;
			buildSettings = {
				ASSETCATALOG_COMPILER_APPICON_NAME = AppIcon;
				CODE_SIGN_STYLE = Automatic;
				INFOPLIST_FILE = tippy/Info.plist;
				LD_RUNPATH_SEARCH_PATHS = (
					"$(inherited)",
					"@executable_path/Frameworks",
				);
				PRODUCT_BUNDLE_IDENTIFIER = CodePath.tippy;
				PRODUCT_NAME = "$(TARGET_NAME)";
				SWIFT_VERSION = 5.0;
				TARGETED_DEVICE_FAMILY = "1,2";
			};
			name = Debug;
		};
		5012BC0224D1D73000284CB9 /* Release */ = {
			isa = XCBuildConfiguration;
			buildSettings = {
				ASSETCATALOG_COMPILER_APPICON_NAME = AppIcon;
				CODE_SIGN_STYLE = Automatic;
				INFOPLIST_FILE = tippy/Info.plist;
				LD_RUNPATH_SEARCH_PATHS = (
					"$(inherited)",
					"@executable_path/Frameworks",
				);
				PRODUCT_BUNDLE_IDENTIFIER = CodePath.tippy;
				PRODUCT_NAME = "$(TARGET_NAME)";
				SWIFT_VERSION = 5.0;
				TARGETED_DEVICE_FAMILY = "1,2";
			};
			name = Release;
		};
		5012BC0424D1D73000284CB9 /* Debug */ = {
			isa = XCBuildConfiguration;
			buildSettings = {
				ALWAYS_EMBED_SWIFT_STANDARD_LIBRARIES = YES;
				BUNDLE_LOADER = "$(TEST_HOST)";
				CODE_SIGN_STYLE = Automatic;
				INFOPLIST_FILE = tippyTests/Info.plist;
				IPHONEOS_DEPLOYMENT_TARGET = 13.6;
				LD_RUNPATH_SEARCH_PATHS = (
					"$(inherited)",
					"@executable_path/Frameworks",
					"@loader_path/Frameworks",
				);
				PRODUCT_BUNDLE_IDENTIFIER = CodePath.tippyTests;
				PRODUCT_NAME = "$(TARGET_NAME)";
				SWIFT_VERSION = 5.0;
				TARGETED_DEVICE_FAMILY = "1,2";
				TEST_HOST = "$(BUILT_PRODUCTS_DIR)/tippy.app/tippy";
			};
			name = Debug;
		};
		5012BC0524D1D73000284CB9 /* Release */ = {
			isa = XCBuildConfiguration;
			buildSettings = {
				ALWAYS_EMBED_SWIFT_STANDARD_LIBRARIES = YES;
				BUNDLE_LOADER = "$(TEST_HOST)";
				CODE_SIGN_STYLE = Automatic;
				INFOPLIST_FILE = tippyTests/Info.plist;
				IPHONEOS_DEPLOYMENT_TARGET = 13.6;
				LD_RUNPATH_SEARCH_PATHS = (
					"$(inherited)",
					"@executable_path/Frameworks",
					"@loader_path/Frameworks",
				);
				PRODUCT_BUNDLE_IDENTIFIER = CodePath.tippyTests;
				PRODUCT_NAME = "$(TARGET_NAME)";
				SWIFT_VERSION = 5.0;
				TARGETED_DEVICE_FAMILY = "1,2";
				TEST_HOST = "$(BUILT_PRODUCTS_DIR)/tippy.app/tippy";
			};
			name = Release;
		};
		5012BC0724D1D73000284CB9 /* Debug */ = {
			isa = XCBuildConfiguration;
			buildSettings = {
				ALWAYS_EMBED_SWIFT_STANDARD_LIBRARIES = YES;
				CODE_SIGN_STYLE = Automatic;
				INFOPLIST_FILE = tippyUITests/Info.plist;
				LD_RUNPATH_SEARCH_PATHS = (
					"$(inherited)",
					"@executable_path/Frameworks",
					"@loader_path/Frameworks",
				);
				PRODUCT_BUNDLE_IDENTIFIER = CodePath.tippyUITests;
				PRODUCT_NAME = "$(TARGET_NAME)";
				SWIFT_VERSION = 5.0;
				TARGETED_DEVICE_FAMILY = "1,2";
				TEST_TARGET_NAME = tippy;
			};
			name = Debug;
		};
		5012BC0824D1D73000284CB9 /* Release */ = {
			isa = XCBuildConfiguration;
			buildSettings = {
				ALWAYS_EMBED_SWIFT_STANDARD_LIBRARIES = YES;
				CODE_SIGN_STYLE = Automatic;
				INFOPLIST_FILE = tippyUITests/Info.plist;
				LD_RUNPATH_SEARCH_PATHS = (
					"$(inherited)",
					"@executable_path/Frameworks",
					"@loader_path/Frameworks",
				);
				PRODUCT_BUNDLE_IDENTIFIER = CodePath.tippyUITests;
				PRODUCT_NAME = "$(TARGET_NAME)";
				SWIFT_VERSION = 5.0;
				TARGETED_DEVICE_FAMILY = "1,2";
				TEST_TARGET_NAME = tippy;
			};
			name = Release;
		};
/* End XCBuildConfiguration section */

/* Begin XCConfigurationList section */
		5012BBD124D1D72C00284CB9 /* Build configuration list for PBXProject "tippy" */ = {
			isa = XCConfigurationList;
			buildConfigurations = (
				5012BBFE24D1D73000284CB9 /* Debug */,
				5012BBFF24D1D73000284CB9 /* Release */,
			);
			defaultConfigurationIsVisible = 0;
			defaultConfigurationName = Release;
		};
		5012BC0024D1D73000284CB9 /* Build configuration list for PBXNativeTarget "tippy" */ = {
			isa = XCConfigurationList;
			buildConfigurations = (
				5012BC0124D1D73000284CB9 /* Debug */,
				5012BC0224D1D73000284CB9 /* Release */,
			);
			defaultConfigurationIsVisible = 0;
			defaultConfigurationName = Release;
		};
		5012BC0324D1D73000284CB9 /* Build configuration list for PBXNativeTarget "tippyTests" */ = {
			isa = XCConfigurationList;
			buildConfigurations = (
				5012BC0424D1D73000284CB9 /* Debug */,
				5012BC0524D1D73000284CB9 /* Release */,
			);
			defaultConfigurationIsVisible = 0;
			defaultConfigurationName = Release;
		};
		5012BC0624D1D73000284CB9 /* Build configuration list for PBXNativeTarget "tippyUITests" */ = {
			isa = XCConfigurationList;
			buildConfigurations = (
				5012BC0724D1D73000284CB9 /* Debug */,
				5012BC0824D1D73000284CB9 /* Release */,
			);
			defaultConfigurationIsVisible = 0;
			defaultConfigurationName = Release;
		};
/* End XCConfigurationList section */
	};
	rootObject = 5012BBCE24D1D72C00284CB9 /* Project object */;
}
